# THIS IS AN AUTOGENERATED FILE. DO NOT EDIT THIS FILE DIRECTLY.
# yarn lockfile v1


axios@^0.21.1:
  version "0.21.1"
  resolved "https://registry.yarnpkg.com/axios/-/axios-0.21.1.tgz#22563481962f4d6bde9a76d516ef0e5d3c09b2b8"
  integrity sha512-dKQiRHxGD9PPRIUNIWvZhPTPpl1rf/OxTYKsqKUDjBwYylTvV7SjSHJb9ratfyzM6wCdLCOYLzs73qpg5c4iGA==
  dependencies:
    follow-redirects "^1.10.0"

custom-env@^2.0.1:
  version "2.0.1"
  resolved "https://registry.yarnpkg.com/custom-env/-/custom-env-2.0.1.tgz#30afaf5200f43aa86731f81576387f5d2af2c51b"
  integrity sha512-gVv19DBDuTQ8MM/WPlf8025Aa46Aqmfrr/kDxyDfXWe5t7C3+OgBsuhrsXTKQ4hGo+z1OuuaOQnhgTWIpvrz+w==
  dependencies:
    dotenv "*"
    dotenv-expand "^5.0.0"

dotenv-expand@^5.0.0:
  version "5.1.0"
  resolved "https://registry.yarnpkg.com/dotenv-expand/-/dotenv-expand-5.1.0.tgz#3fbaf020bfd794884072ea26b1e9791d45a629f0"
  integrity sha512-YXQl1DSa4/PQyRfgrv6aoNjhasp/p4qs9FjJ4q4cQk+8m4r6k4ZSiEyytKG8f8W9gi8WsQtIObNmKd+tMzNTmA==

dotenv@*:
  version "9.0.1"
  resolved "https://registry.yarnpkg.com/dotenv/-/dotenv-9.0.1.tgz#a889a28a3a515812dde1e7f8183ef5cdf3186b97"
  integrity sha512-W8FNeNnnvJoYfgkFRKzp8kTgz0T2YY4TJ9xy1Ma0hSebPTK8iquRtpG12TUrSTX5zIN9D/wSLEEuI+Ad35tlyw==

follow-redirects@^1.10.0:
  version "1.14.0"
  resolved "https://registry.yarnpkg.com/follow-redirects/-/follow-redirects-1.14.0.tgz#f5d260f95c5f8c105894491feee5dc8993b402fe"
  integrity sha512-0vRwd7RKQBTt+mgu87mtYeofLFZpTas2S9zY+jIeuLJMNvudIgF52nr19q40HOwH5RrhWIPuj9puybzSJiRrVg==

lodash@^4.17.21:
  version "4.17.21"
  resolved "https://registry.yarnpkg.com/lodash/-/lodash-4.17.21.tgz#679591c564c3bffaae8454cf0b3df370c3d6911c"
  integrity sha512-v2kDEe57lecTulaDIuNTPy3Ry4gLGJ6Z1O3vE1krgXZNrsQ+LFTGHVxVjcXPs17LhbZVGedAJv8XZ1tvj5FvSg==

nodemailer@^6.6.0:
  version "6.6.0"
  resolved "https://registry.yarnpkg.com/nodemailer/-/nodemailer-6.6.0.tgz#ed47bb572b48d9d0dca3913fdc156203f438f427"
  integrity sha512-ikSMDU1nZqpo2WUPE0wTTw/NGGImTkwpJKDIFPZT+YvvR9Sj+ze5wzu95JHkBMglQLoG2ITxU21WukCC/XsFkg==
